
Microsoft Visual Studio Solution File, Format Version 12.00
# Visual Studio Version 17
VisualStudioVersion = 17.10.35013.160
MinimumVisualStudioVersion = 10.0.40219.1
Project("{FAE04EC0-301F-11D3-BF4B-00C04F79EFBC}") = "TheTimeIsMeow", "TheTimeIsMeow\TheTimeIsMeow.csproj", "{102D5C1E-F858-4E22-BFCF-30F9015AA2F2}"
EndProject
Global
	GlobalSection(SolutionConfigurationPlatforms) = preSolution
		Debug|Any CPU = Debug|Any CPU
		Release|Any CPU = Release|Any CPU
	EndGlobalSection
	GlobalSection(ProjectConfigurationPlatforms) = postSolution
		{102D5C1E-F858-4E22-BFCF-30F9015AA2F2}.Debug|Any CPU.ActiveCfg = Debug|Any CPU
		{102D5C1E-F858-4E22-BFCF-30F9015AA2F2}.Debug|Any CPU.Build.0 = Debug|Any CPU
		{102D5C1E-F858-4E22-BFCF-30F9015AA2F2}.Release|Any CPU.ActiveCfg = Release|Any CPU
		{102D5C1E-F858-4E22-BFCF-30F9015AA2F2}.Release|Any CPU.Build.0 = Release|Any CPU
	EndGlobalSection
	GlobalSection(SolutionProperties) = preSolution
		HideSolutionNode = FALSE
	EndGlobalSection
	GlobalSection(ExtensibilityGlobals) = postSolution
		SolutionGuid = {AE9D6B49-97EA-4D0F-B546-B66F92D8E3A3}
	EndGlobalSection
EndGlobal
